
Microsoft Visual Studio Solution File, Format Version 12.00
# Visual Studio 15
VisualStudioVersion = 15.0.28307.1433
MinimumVisualStudioVersion = 10.0.40219.1
Project("{F184B08F-C81C-45F6-A57F-5ABD9991F28F}") = "color_picker", "color_picker\color_picker.vbproj", "{F86131B0-C266-4EC5-AD6F-6E9F0BCBB8C0}"
EndProject
Global
	GlobalSection(SolutionConfigurationPlatforms) = preSolution
		Debug|Any CPU = Debug|Any CPU
		Release|Any CPU = Release|Any CPU
	EndGlobalSection
	GlobalSection(ProjectConfigurationPlatforms) = postSolution
		{F86131B0-C266-4EC5-AD6F-6E9F0BCBB8C0}.Debug|Any CPU.ActiveCfg = Debug|Any CPU
		{F86131B0-C266-4EC5-AD6F-6E9F0BCBB8C0}.Debug|Any CPU.Build.0 = Debug|Any CPU
		{F86131B0-C266-4EC5-AD6F-6E9F0BCBB8C0}.Release|Any CPU.ActiveCfg = Release|Any CPU
		{F86131B0-C266-4EC5-AD6F-6E9F0BCBB8C0}.Release|Any CPU.Build.0 = Release|Any CPU
	EndGlobalSection
	GlobalSection(SolutionProperties) = preSolution
		HideSolutionNode = FALSE
	EndGlobalSection
	GlobalSection(ExtensibilityGlobals) = postSolution
		SolutionGuid = {BCCD534C-8812-4756-B61A-86499DE586AA}
	EndGlobalSection
EndGlobal
